{
  "name": "hey",
  "lockfileVersion": 3,
  "requires": true,
  "packages": {
    "": {
      "dependencies": {
        "array": "^0.4.3",
        "expres": "^0.0.5"
      }
    },
    "node_modules/array": {
      "version": "0.4.3",
      "resolved": "https://registry.npmjs.org/array/-/array-0.4.3.tgz",
      "integrity": "sha512-YcDWJeh89FHxf5ejRLnOwLnF5ZNm+gzMaV2p6Fau6NAOW4V3DL70dRLqMUb/FcCQ4lokPyaGnzdO+U46TrAuGw==",
      "license": "MIT",
      "dependencies": {
        "emitter-component": "~1.1.0",
        "to-function": "~1.2.1"
      }
    },
    "node_modules/emitter-component": {
      "version": "1.1.2",
      "resolved": "https://registry.npmjs.org/emitter-component/-/emitter-component-1.1.2.tgz",
      "integrity": "sha512-QdXO3nXOzZB4pAjM0n6ZE+R9/+kPpECA/XSELIcc54NeYVnBqIk+4DFiBgK+8QbV3mdvTG6nedl7dTYgO+5wDw==",
      "funding": {
        "url": "https://github.com/sponsors/sindresorhus"
      }
    },
    "node_modules/expres": {
      "version": "0.0.5",
      "resolved": "https://registry.npmjs.org/expres/-/expres-0.0.5.tgz",
      "integrity": "sha512-pK2yFc2Ke66rveH6iq6YJr63v55cFP6fs2xhoJ7RUGg+uwwApMlod3IwVm8zEtKH4ALqSvaGQF4cNemsyApd/w==",
      "license": "MIT"
    },
    "node_modules/props-component": {
      "version": "1.0.3",
      "resolved": "https://registry.npmjs.org/props-component/-/props-component-1.0.3.tgz",
      "integrity": "sha512-oQ8Z4MuSblWUO3NUM+mPncu/8Eeo+/UVhhCp0itY1HbOuJ9413U5rLoFbMc0f9qfHfRuSn/5ltKJkYShQRS0oA=="
    },
    "node_modules/to-function": {
      "version": "1.2.1",
      "resolved": "https://registry.npmjs.org/to-function/-/to-function-1.2.1.tgz",
      "integrity": "sha512-viF8Zq4BpUBGCH7ke8wZFvClz916ZGynYigwQbcVXwpAnSUY/ty/GwcsIq77mVtZmhdLOhXt57oTqR7lzPukhw==",
      "dependencies": {
        "props-component": "*"
      }
    }
  }
}
